
Microsoft Visual Studio Solution File, Format Version 12.00
# Visual Studio Version 17
VisualStudioVersion = 17.2.32519.379
MinimumVisualStudioVersion = 10.0.40219.1
Project("{2150E333-8FDC-42A3-9474-1A3956D46DE8}") = "src", "src", "{F57FD55A-8CBE-4F59-A8B8-FBFBDCB48860}"
EndProject
Project("{9A19103F-16F7-4668-BE54-9A1E7A4F7556}") = "WebCalc", "src\WebCalc\WebCalc.csproj", "{B6FFCEA3-A276-4031-A8EE-D7769FB29512}"
EndProject
Project("{9A19103F-16F7-4668-BE54-9A1E7A4F7556}") = "WebCalc.Application", "src\WebCalc.Application\WebCalc.Application.csproj", "{558F8465-D125-4646-9CD9-DACDE4F28A28}"
EndProject
Project("{9A19103F-16F7-4668-BE54-9A1E7A4F7556}") = "WebCalc.Application.Contracts", "src\WebCalc.Application.Contracts\WebCalc.Application.Contracts.csproj", "{AFCB3F3D-309A-42D4-A850-E77EDE90B90F}"
EndProject
Project("{9A19103F-16F7-4668-BE54-9A1E7A4F7556}") = "WebCalc.Domain", "src\WebCalc.Domain\WebCalc.Domain.csproj", "{4DF4ECEF-EE1C-4196-B7B8-1F1FDDE69C88}"
EndProject
Project("{2150E333-8FDC-42A3-9474-1A3956D46DE8}") = "test", "test", "{7DF9709E-5A8C-451D-AECB-F43103660DA2}"
EndProject
Project("{9A19103F-16F7-4668-BE54-9A1E7A4F7556}") = "WebCalc.IntegrationTests", "test\WebCalc.IntegrationTests\WebCalc.IntegrationTests.csproj", "{33DD309B-4ABB-46E9-8775-25442915C827}"
EndProject
Project("{FAE04EC0-301F-11D3-BF4B-00C04F79EFBC}") = "WebCalc.Domain.Shared", "src\WebCalc.Domain.Shared\WebCalc.Domain.Shared.csproj", "{1C6953DC-86D9-44BB-AAE2-AF16E54FAAC1}"
EndProject
Global
	GlobalSection(SolutionConfigurationPlatforms) = preSolution
		Debug|Any CPU = Debug|Any CPU
		Release|Any CPU = Release|Any CPU
	EndGlobalSection
	GlobalSection(ProjectConfigurationPlatforms) = postSolution
		{B6FFCEA3-A276-4031-A8EE-D7769FB29512}.Debug|Any CPU.ActiveCfg = Debug|Any CPU
		{B6FFCEA3-A276-4031-A8EE-D7769FB29512}.Debug|Any CPU.Build.0 = Debug|Any CPU
		{B6FFCEA3-A276-4031-A8EE-D7769FB29512}.Release|Any CPU.ActiveCfg = Release|Any CPU
		{B6FFCEA3-A276-4031-A8EE-D7769FB29512}.Release|Any CPU.Build.0 = Release|Any CPU
		{558F8465-D125-4646-9CD9-DACDE4F28A28}.Debug|Any CPU.ActiveCfg = Debug|Any CPU
		{558F8465-D125-4646-9CD9-DACDE4F28A28}.Debug|Any CPU.Build.0 = Debug|Any CPU
		{558F8465-D125-4646-9CD9-DACDE4F28A28}.Release|Any CPU.ActiveCfg = Release|Any CPU
		{558F8465-D125-4646-9CD9-DACDE4F28A28}.Release|Any CPU.Build.0 = Release|Any CPU
		{AFCB3F3D-309A-42D4-A850-E77EDE90B90F}.Debug|Any CPU.ActiveCfg = Debug|Any CPU
		{AFCB3F3D-309A-42D4-A850-E77EDE90B90F}.Debug|Any CPU.Build.0 = Debug|Any CPU
		{AFCB3F3D-309A-42D4-A850-E77EDE90B90F}.Release|Any CPU.ActiveCfg = Release|Any CPU
		{AFCB3F3D-309A-42D4-A850-E77EDE90B90F}.Release|Any CPU.Build.0 = Release|Any CPU
		{4DF4ECEF-EE1C-4196-B7B8-1F1FDDE69C88}.Debug|Any CPU.ActiveCfg = Debug|Any CPU
		{4DF4ECEF-EE1C-4196-B7B8-1F1FDDE69C88}.Debug|Any CPU.Build.0 = Debug|Any CPU
		{4DF4ECEF-EE1C-4196-B7B8-1F1FDDE69C88}.Release|Any CPU.ActiveCfg = Release|Any CPU
		{4DF4ECEF-EE1C-4196-B7B8-1F1FDDE69C88}.Release|Any CPU.Build.0 = Release|Any CPU
		{33DD309B-4ABB-46E9-8775-25442915C827}.Debug|Any CPU.ActiveCfg = Debug|Any CPU
		{33DD309B-4ABB-46E9-8775-25442915C827}.Debug|Any CPU.Build.0 = Debug|Any CPU
		{33DD309B-4ABB-46E9-8775-25442915C827}.Release|Any CPU.ActiveCfg = Release|Any CPU
		{33DD309B-4ABB-46E9-8775-25442915C827}.Release|Any CPU.Build.0 = Release|Any CPU
		{1C6953DC-86D9-44BB-AAE2-AF16E54FAAC1}.Debug|Any CPU.ActiveCfg = Debug|Any CPU
		{1C6953DC-86D9-44BB-AAE2-AF16E54FAAC1}.Debug|Any CPU.Build.0 = Debug|Any CPU
		{1C6953DC-86D9-44BB-AAE2-AF16E54FAAC1}.Release|Any CPU.ActiveCfg = Release|Any CPU
		{1C6953DC-86D9-44BB-AAE2-AF16E54FAAC1}.Release|Any CPU.Build.0 = Release|Any CPU
	EndGlobalSection
	GlobalSection(SolutionProperties) = preSolution
		HideSolutionNode = FALSE
	EndGlobalSection
	GlobalSection(NestedProjects) = preSolution
		{B6FFCEA3-A276-4031-A8EE-D7769FB29512} = {F57FD55A-8CBE-4F59-A8B8-FBFBDCB48860}
		{558F8465-D125-4646-9CD9-DACDE4F28A28} = {F57FD55A-8CBE-4F59-A8B8-FBFBDCB48860}
		{AFCB3F3D-309A-42D4-A850-E77EDE90B90F} = {F57FD55A-8CBE-4F59-A8B8-FBFBDCB48860}
		{4DF4ECEF-EE1C-4196-B7B8-1F1FDDE69C88} = {F57FD55A-8CBE-4F59-A8B8-FBFBDCB48860}
		{33DD309B-4ABB-46E9-8775-25442915C827} = {7DF9709E-5A8C-451D-AECB-F43103660DA2}
		{1C6953DC-86D9-44BB-AAE2-AF16E54FAAC1} = {F57FD55A-8CBE-4F59-A8B8-FBFBDCB48860}
	EndGlobalSection
	GlobalSection(ExtensibilityGlobals) = postSolution
		SolutionGuid = {5D90F8C6-4191-4650-8C2E-54FD8768A3FD}
	EndGlobalSection
EndGlobal
