
Microsoft Visual Studio Solution File, Format Version 12.00
# Visual Studio Version 17
VisualStudioVersion = 17.2.32519.379
MinimumVisualStudioVersion = 10.0.40219.1
Project("{2150E333-8FDC-42A3-9474-1A3956D46DE8}") = "src", "src", "{F57FD55A-8CBE-4F59-A8B8-FBFBDCB48860}"
EndProject
Project("{2150E333-8FDC-42A3-9474-1A3956D46DE8}") = "test", "test", "{7DF9709E-5A8C-451D-AECB-F43103660DA2}"
EndProject
Project("{9A19103F-16F7-4668-BE54-9A1E7A4F7556}") = "WebCalc.IntegrationTests", "test\WebCalc.IntegrationTests\WebCalc.IntegrationTests.csproj", "{33DD309B-4ABB-46E9-8775-25442915C827}"
EndProject
Project("{9A19103F-16F7-4668-BE54-9A1E7A4F7556}") = "WebCalc.Blazor", "src\WebCalc.Blazor\WebCalc.Blazor.csproj", "{CA598F06-9DCF-4C00-9610-8CBA0DB978AB}"
EndProject
Project("{9A19103F-16F7-4668-BE54-9A1E7A4F7556}") = "WebCalc.Domain", "src\WebCalc.Domain\WebCalc.Domain.csproj", "{5E695D10-8A2A-40DA-B5A3-AB9905D511D6}"
EndProject
Project("{9A19103F-16F7-4668-BE54-9A1E7A4F7556}") = "WebCalc.Domain.Shared", "src\WebCalc.Domain.Shared\WebCalc.Domain.Shared.csproj", "{CC103473-7994-4224-9213-EC875DC03F51}"
EndProject
Project("{9A19103F-16F7-4668-BE54-9A1E7A4F7556}") = "WebCalc.Application.Contracts", "src\WebCalc.Application.Contracts\WebCalc.Application.Contracts.csproj", "{AE799ED7-976C-405E-B9C6-8A1A647A9A51}"
EndProject
Project("{9A19103F-16F7-4668-BE54-9A1E7A4F7556}") = "WebCalc.Application", "src\WebCalc.Application\WebCalc.Application.csproj", "{75FA26F5-9F81-4CE4-A048-B1EC7780E18B}"
EndProject
Global
	GlobalSection(SolutionConfigurationPlatforms) = preSolution
		Debug|Any CPU = Debug|Any CPU
		Release|Any CPU = Release|Any CPU
	EndGlobalSection
	GlobalSection(ProjectConfigurationPlatforms) = postSolution
		{33DD309B-4ABB-46E9-8775-25442915C827}.Debug|Any CPU.ActiveCfg = Debug|Any CPU
		{33DD309B-4ABB-46E9-8775-25442915C827}.Debug|Any CPU.Build.0 = Debug|Any CPU
		{33DD309B-4ABB-46E9-8775-25442915C827}.Release|Any CPU.ActiveCfg = Release|Any CPU
		{33DD309B-4ABB-46E9-8775-25442915C827}.Release|Any CPU.Build.0 = Release|Any CPU
		{CA598F06-9DCF-4C00-9610-8CBA0DB978AB}.Debug|Any CPU.ActiveCfg = Debug|Any CPU
		{CA598F06-9DCF-4C00-9610-8CBA0DB978AB}.Debug|Any CPU.Build.0 = Debug|Any CPU
		{CA598F06-9DCF-4C00-9610-8CBA0DB978AB}.Release|Any CPU.ActiveCfg = Release|Any CPU
		{CA598F06-9DCF-4C00-9610-8CBA0DB978AB}.Release|Any CPU.Build.0 = Release|Any CPU
		{5E695D10-8A2A-40DA-B5A3-AB9905D511D6}.Debug|Any CPU.ActiveCfg = Debug|Any CPU
		{5E695D10-8A2A-40DA-B5A3-AB9905D511D6}.Debug|Any CPU.Build.0 = Debug|Any CPU
		{5E695D10-8A2A-40DA-B5A3-AB9905D511D6}.Release|Any CPU.ActiveCfg = Release|Any CPU
		{5E695D10-8A2A-40DA-B5A3-AB9905D511D6}.Release|Any CPU.Build.0 = Release|Any CPU
		{CC103473-7994-4224-9213-EC875DC03F51}.Debug|Any CPU.ActiveCfg = Debug|Any CPU
		{CC103473-7994-4224-9213-EC875DC03F51}.Debug|Any CPU.Build.0 = Debug|Any CPU
		{CC103473-7994-4224-9213-EC875DC03F51}.Release|Any CPU.ActiveCfg = Release|Any CPU
		{CC103473-7994-4224-9213-EC875DC03F51}.Release|Any CPU.Build.0 = Release|Any CPU
		{AE799ED7-976C-405E-B9C6-8A1A647A9A51}.Debug|Any CPU.ActiveCfg = Debug|Any CPU
		{AE799ED7-976C-405E-B9C6-8A1A647A9A51}.Debug|Any CPU.Build.0 = Debug|Any CPU
		{AE799ED7-976C-405E-B9C6-8A1A647A9A51}.Release|Any CPU.ActiveCfg = Release|Any CPU
		{AE799ED7-976C-405E-B9C6-8A1A647A9A51}.Release|Any CPU.Build.0 = Release|Any CPU
		{75FA26F5-9F81-4CE4-A048-B1EC7780E18B}.Debug|Any CPU.ActiveCfg = Debug|Any CPU
		{75FA26F5-9F81-4CE4-A048-B1EC7780E18B}.Debug|Any CPU.Build.0 = Debug|Any CPU
		{75FA26F5-9F81-4CE4-A048-B1EC7780E18B}.Release|Any CPU.ActiveCfg = Release|Any CPU
		{75FA26F5-9F81-4CE4-A048-B1EC7780E18B}.Release|Any CPU.Build.0 = Release|Any CPU
	EndGlobalSection
	GlobalSection(SolutionProperties) = preSolution
		HideSolutionNode = FALSE
	EndGlobalSection
	GlobalSection(NestedProjects) = preSolution
		{33DD309B-4ABB-46E9-8775-25442915C827} = {7DF9709E-5A8C-451D-AECB-F43103660DA2}
		{CA598F06-9DCF-4C00-9610-8CBA0DB978AB} = {F57FD55A-8CBE-4F59-A8B8-FBFBDCB48860}
		{5E695D10-8A2A-40DA-B5A3-AB9905D511D6} = {F57FD55A-8CBE-4F59-A8B8-FBFBDCB48860}
		{CC103473-7994-4224-9213-EC875DC03F51} = {F57FD55A-8CBE-4F59-A8B8-FBFBDCB48860}
		{AE799ED7-976C-405E-B9C6-8A1A647A9A51} = {F57FD55A-8CBE-4F59-A8B8-FBFBDCB48860}
		{75FA26F5-9F81-4CE4-A048-B1EC7780E18B} = {F57FD55A-8CBE-4F59-A8B8-FBFBDCB48860}
	EndGlobalSection
	GlobalSection(ExtensibilityGlobals) = postSolution
		SolutionGuid = {5D90F8C6-4191-4650-8C2E-54FD8768A3FD}
	EndGlobalSection
EndGlobal
